
Microsoft Visual Studio Solution File, Format Version 12.00
# Visual Studio Version 16
VisualStudioVersion = 16.0.30114.105
MinimumVisualStudioVersion = 15.0.26124.0
Project("{9A19103F-16F7-4668-BE54-9A1E7A4F7556}") = "AspNetCore.TypedActionResults", "src\AspNetCore.TypedActionResults\AspNetCore.TypedActionResults.csproj", "{1A8980CC-7EC4-487E-ABAA-4742F57B5B91}"
EndProject
Global
	GlobalSection(SolutionConfigurationPlatforms) = preSolution
		Debug|Any CPU = Debug|Any CPU
		Release|Any CPU = Release|Any CPU
	EndGlobalSection
	GlobalSection(ProjectConfigurationPlatforms) = postSolution
		{1A8980CC-7EC4-487E-ABAA-4742F57B5B91}.Debug|Any CPU.ActiveCfg = Debug|Any CPU
		{1A8980CC-7EC4-487E-ABAA-4742F57B5B91}.Debug|Any CPU.Build.0 = Debug|Any CPU
		{1A8980CC-7EC4-487E-ABAA-4742F57B5B91}.Release|Any CPU.ActiveCfg = Release|Any CPU
		{1A8980CC-7EC4-487E-ABAA-4742F57B5B91}.Release|Any CPU.Build.0 = Release|Any CPU
	EndGlobalSection
	GlobalSection(SolutionProperties) = preSolution
		HideSolutionNode = FALSE
	EndGlobalSection
	GlobalSection(ExtensibilityGlobals) = postSolution
		SolutionGuid = {08AE2A61-1C2F-414F-800C-D190924FA6A1}
	EndGlobalSection
EndGlobal
